// !$*UTF8*$!
{
	archiveVersion = 1;
	classes = {
	};
	objectVersion = 50;
	objects = {

/* Begin PBXBuildFile section */
		6D1843EF25751F3100838F78 /* TodoItemsEmptyView.swift in Sources */ = {isa = PBXBuildFile; fileRef = 6D1843EE25751F3100838F78 /* TodoItemsEmptyView.swift */; };
		6D1C6F452548FEA4004A971A /* TodoItem.swift in Sources */ = {isa = PBXBuildFile; fileRef = 6D1C6F442548FEA4004A971A /* TodoItem.swift */; };
		6D1C6F4D2548FF04004A971A /* TodoItemListView.swift in Sources */ = {isa = PBXBuildFile; fileRef = 6D1C6F4C2548FF04004A971A /* TodoItemListView.swift */; };
		6D1C6F522549A38C004A971A /* TodoItemsView.swift in Sources */ = {isa = PBXBuildFile; fileRef = 6D1C6F512549A38C004A971A /* TodoItemsView.swift */; };
		6D1C6F572549A693004A971A /* TodoItemsViewModel.swift in Sources */ = {isa = PBXBuildFile; fileRef = 6D1C6F562549A693004A971A /* TodoItemsViewModel.swift */; };
		6D23842C255338E5005A85B2 /* Checkbox.swift in Sources */ = {isa = PBXBuildFile; fileRef = 6D23842B255338E5005A85B2 /* Checkbox.swift */; };
		6D2D7CB8254DA5F0005979C1 /* TodoItemRepository.swift in Sources */ = {isa = PBXBuildFile; fileRef = 6D2D7CB7254DA5F0005979C1 /* TodoItemRepository.swift */; };
		6D661E2425434F5F00638825 /* SimpleTodoApp.swift in Sources */ = {isa = PBXBuildFile; fileRef = 6D661E2325434F5F00638825 /* SimpleTodoApp.swift */; };
		6D661E2625434F5F00638825 /* ContentView.swift in Sources */ = {isa = PBXBuildFile; fileRef = 6D661E2525434F5F00638825 /* ContentView.swift */; };
		6D661E2825434F6100638825 /* Assets.xcassets in Resources */ = {isa = PBXBuildFile; fileRef = 6D661E2725434F6100638825 /* Assets.xcassets */; };
		6D661E2B25434F6100638825 /* Preview Assets.xcassets in Resources */ = {isa = PBXBuildFile; fileRef = 6D661E2A25434F6100638825 /* Preview Assets.xcassets */; };
		6D661E3625434F6200638825 /* SimpleTodoTests.swift in Sources */ = {isa = PBXBuildFile; fileRef = 6D661E3525434F6200638825 /* SimpleTodoTests.swift */; };
		6D661E4125434F6200638825 /* SimpleTodoUITests.swift in Sources */ = {isa = PBXBuildFile; fileRef = 6D661E4025434F6200638825 /* SimpleTodoUITests.swift */; };
		6D83E45925770AC900724F66 /* SummaryView.swift in Sources */ = {isa = PBXBuildFile; fileRef = 6D83E45825770AC900724F66 /* SummaryView.swift */; };
		6DC4590425702D60005937EA /* CheckboxTextfield.swift in Sources */ = {isa = PBXBuildFile; fileRef = 6DC4590325702D60005937EA /* CheckboxTextfield.swift */; };
/* End PBXBuildFile section */

/* Begin PBXContainerItemProxy section */
		6D661E3225434F6200638825 /* PBXContainerItemProxy */ = {
			isa = PBXContainerItemProxy;
			containerPortal = 6D661E1825434F5F00638825 /* Project object */;
			proxyType = 1;
			remoteGlobalIDString = 6D661E1F25434F5F00638825;
			remoteInfo = SimpleTodo;
		};
		6D661E3D25434F6200638825 /* PBXContainerItemProxy */ = {
			isa = PBXContainerItemProxy;
			containerPortal = 6D661E1825434F5F00638825 /* Project object */;
			proxyType = 1;
			remoteGlobalIDString = 6D661E1F25434F5F00638825;
			remoteInfo = SimpleTodo;
		};
/* End PBXContainerItemProxy section */

/* Begin PBXFileReference section */
		6D1843EE25751F3100838F78 /* TodoItemsEmptyView.swift */ = {isa = PBXFileReference; lastKnownFileType = sourcecode.swift; path = TodoItemsEmptyView.swift; sourceTree = "<group>"; };
		6D1C6F442548FEA4004A971A /* TodoItem.swift */ = {isa = PBXFileReference; lastKnownFileType = sourcecode.swift; path = TodoItem.swift; sourceTree = "<group>"; };
		6D1C6F4C2548FF04004A971A /* TodoItemListView.swift */ = {isa = PBXFileReference; lastKnownFileType = sourcecode.swift; path = TodoItemListView.swift; sourceTree = "<group>"; };
		6D1C6F512549A38C004A971A /* TodoItemsView.swift */ = {isa = PBXFileReference; lastKnownFileType = sourcecode.swift; path = TodoItemsView.swift; sourceTree = "<group>"; };
		6D1C6F562549A693004A971A /* TodoItemsViewModel.swift */ = {isa = PBXFileReference; lastKnownFileType = sourcecode.swift; path = TodoItemsViewModel.swift; sourceTree = "<group>"; };
		6D23842B255338E5005A85B2 /* Checkbox.swift */ = {isa = PBXFileReference; lastKnownFileType = sourcecode.swift; path = Checkbox.swift; sourceTree = "<group>"; };
		6D2D7CB7254DA5F0005979C1 /* TodoItemRepository.swift */ = {isa = PBXFileReference; lastKnownFileType = sourcecode.swift; path = TodoItemRepository.swift; sourceTree = "<group>"; };
		6D661E2025434F5F00638825 /* SimpleTodo.app */ = {isa = PBXFileReference; explicitFileType = wrapper.application; includeInIndex = 0; path = SimpleTodo.app; sourceTree = BUILT_PRODUCTS_DIR; };
		6D661E2325434F5F00638825 /* SimpleTodoApp.swift */ = {isa = PBXFileReference; lastKnownFileType = sourcecode.swift; path = SimpleTodoApp.swift; sourceTree = "<group>"; };
		6D661E2525434F5F00638825 /* ContentView.swift */ = {isa = PBXFileReference; lastKnownFileType = sourcecode.swift; path = ContentView.swift; sourceTree = "<group>"; };
		6D661E2725434F6100638825 /* Assets.xcassets */ = {isa = PBXFileReference; lastKnownFileType = folder.assetcatalog; path = Assets.xcassets; sourceTree = "<group>"; };
		6D661E2A25434F6100638825 /* Preview Assets.xcassets */ = {isa = PBXFileReference; lastKnownFileType = folder.assetcatalog; path = "Preview Assets.xcassets"; sourceTree = "<group>"; };
		6D661E2C25434F6100638825 /* Info.plist */ = {isa = PBXFileReference; lastKnownFileType = text.plist.xml; path = Info.plist; sourceTree = "<group>"; };
		6D661E3125434F6200638825 /* SimpleTodoTests.xctest */ = {isa = PBXFileReference; explicitFileType = wrapper.cfbundle; includeInIndex = 0; path = SimpleTodoTests.xctest; sourceTree = BUILT_PRODUCTS_DIR; };
		6D661E3525434F6200638825 /* SimpleTodoTests.swift */ = {isa = PBXFileReference; lastKnownFileType = sourcecode.swift; path = SimpleTodoTests.swift; sourceTree = "<group>"; };
		6D661E3725434F6200638825 /* Info.plist */ = {isa = PBXFileReference; lastKnownFileType = text.plist.xml; path = Info.plist; sourceTree = "<group>"; };
		6D661E3C25434F6200638825 /* SimpleTodoUITests.xctest */ = {isa = PBXFileReference; explicitFileType = wrapper.cfbundle; includeInIndex = 0; path = SimpleTodoUITests.xctest; sourceTree = BUILT_PRODUCTS_DIR; };
		6D661E4025434F6200638825 /* SimpleTodoUITests.swift */ = {isa = PBXFileReference; lastKnownFileType = sourcecode.swift; path = SimpleTodoUITests.swift; sourceTree = "<group>"; };
		6D661E4225434F6200638825 /* Info.plist */ = {isa = PBXFileReference; lastKnownFileType = text.plist.xml; path = Info.plist; sourceTree = "<group>"; };
		6D83E45825770AC900724F66 /* SummaryView.swift */ = {isa = PBXFileReference; fileEncoding = 4; lastKnownFileType = sourcecode.swift; path = SummaryView.swift; sourceTree = "<group>"; };
		6DC4590325702D60005937EA /* CheckboxTextfield.swift */ = {isa = PBXFileReference; lastKnownFileType = sourcecode.swift; path = CheckboxTextfield.swift; sourceTree = "<group>"; };
/* End PBXFileReference section */

/* Begin PBXFrameworksBuildPhase section */
		6D661E1D25434F5F00638825 /* Frameworks */ = {
			isa = PBXFrameworksBuildPhase;
			buildActionMask = 2147483647;
			files = (
			);
			runOnlyForDeploymentPostprocessing = 0;
		};
		6D661E2E25434F6200638825 /* Frameworks */ = {
			isa = PBXFrameworksBuildPhase;
			buildActionMask = 2147483647;
			files = (
			);
			runOnlyForDeploymentPostprocessing = 0;
		};
		6D661E3925434F6200638825 /* Frameworks */ = {
			isa = PBXFrameworksBuildPhase;
			buildActionMask = 2147483647;
			files = (
			);
			runOnlyForDeploymentPostprocessing = 0;
		};
/* End PBXFrameworksBuildPhase section */

/* Begin PBXGroup section */
		6D1C6F422548FE7C004A971A /* Features */ = {
			isa = PBXGroup;
			children = (
				6D83E45725770AC900724F66 /* Summary */,
				6D1C6F432548FE96004A971A /* Items */,
				6D2D7CB7254DA5F0005979C1 /* TodoItemRepository.swift */,
			);
			path = Features;
			sourceTree = "<group>";
		};
		6D1C6F432548FE96004A971A /* Items */ = {
			isa = PBXGroup;
			children = (
				6D1C6F442548FEA4004A971A /* TodoItem.swift */,
				6D1C6F4C2548FF04004A971A /* TodoItemListView.swift */,
				6D1C6F512549A38C004A971A /* TodoItemsView.swift */,
				6D1C6F562549A693004A971A /* TodoItemsViewModel.swift */,
				6D1843EE25751F3100838F78 /* TodoItemsEmptyView.swift */,
			);
			path = Items;
			sourceTree = "<group>";
		};
		6D23843B25547320005A85B2 /* Common */ = {
			isa = PBXGroup;
			children = (
				6D661E512543508300638825 /* UI */,
			);
			path = Common;
			sourceTree = "<group>";
		};
		6D661E1725434F5F00638825 = {
			isa = PBXGroup;
			children = (
				6D661E2225434F5F00638825 /* SimpleTodo */,
				6D661E3425434F6200638825 /* SimpleTodoTests */,
				6D661E3F25434F6200638825 /* SimpleTodoUITests */,
				6D661E2125434F5F00638825 /* Products */,
			);
			sourceTree = "<group>";
		};
		6D661E2125434F5F00638825 /* Products */ = {
			isa = PBXGroup;
			children = (
				6D661E2025434F5F00638825 /* SimpleTodo.app */,
				6D661E3125434F6200638825 /* SimpleTodoTests.xctest */,
				6D661E3C25434F6200638825 /* SimpleTodoUITests.xctest */,
			);
			name = Products;
			sourceTree = "<group>";
		};
		6D661E2225434F5F00638825 /* SimpleTodo */ = {
			isa = PBXGroup;
			children = (
				6D23843B25547320005A85B2 /* Common */,
				6D1C6F422548FE7C004A971A /* Features */,
				6D661E2325434F5F00638825 /* SimpleTodoApp.swift */,
				6D661E2525434F5F00638825 /* ContentView.swift */,
				6D661E2725434F6100638825 /* Assets.xcassets */,
				6D661E2C25434F6100638825 /* Info.plist */,
				6D661E2925434F6100638825 /* Preview Content */,
			);
			path = SimpleTodo;
			sourceTree = "<group>";
		};
		6D661E2925434F6100638825 /* Preview Content */ = {
			isa = PBXGroup;
			children = (
				6D661E2A25434F6100638825 /* Preview Assets.xcassets */,
			);
			path = "Preview Content";
			sourceTree = "<group>";
		};
		6D661E3425434F6200638825 /* SimpleTodoTests */ = {
			isa = PBXGroup;
			children = (
				6D661E3525434F6200638825 /* SimpleTodoTests.swift */,
				6D661E3725434F6200638825 /* Info.plist */,
			);
			path = SimpleTodoTests;
			sourceTree = "<group>";
		};
		6D661E3F25434F6200638825 /* SimpleTodoUITests */ = {
			isa = PBXGroup;
			children = (
				6D661E4025434F6200638825 /* SimpleTodoUITests.swift */,
				6D661E4225434F6200638825 /* Info.plist */,
			);
			path = SimpleTodoUITests;
			sourceTree = "<group>";
		};
		6D661E512543508300638825 /* UI */ = {
			isa = PBXGroup;
			children = (
				6D23842B255338E5005A85B2 /* Checkbox.swift */,
				6DC4590325702D60005937EA /* CheckboxTextfield.swift */,
			);
			path = UI;
			sourceTree = "<group>";
		};
		6D83E45725770AC900724F66 /* Summary */ = {
			isa = PBXGroup;
			children = (
				6D83E45825770AC900724F66 /* SummaryView.swift */,
			);
			path = Summary;
			sourceTree = "<group>";
		};
/* End PBXGroup section */

/* Begin PBXNativeTarget section */
		6D661E1F25434F5F00638825 /* SimpleTodo */ = {
			isa = PBXNativeTarget;
			buildConfigurationList = 6D661E4525434F6200638825 /* Build configuration list for PBXNativeTarget "SimpleTodo" */;
			buildPhases = (
				6D661E1C25434F5F00638825 /* Sources */,
				6D661E1D25434F5F00638825 /* Frameworks */,
				6D661E1E25434F5F00638825 /* Resources */,
			);
			buildRules = (
			);
			dependencies = (
			);
			name = SimpleTodo;
			productName = SimpleTodo;
			productReference = 6D661E2025434F5F00638825 /* SimpleTodo.app */;
			productType = "com.apple.product-type.application";
		};
		6D661E3025434F6200638825 /* SimpleTodoTests */ = {
			isa = PBXNativeTarget;
			buildConfigurationList = 6D661E4825434F6200638825 /* Build configuration list for PBXNativeTarget "SimpleTodoTests" */;
			buildPhases = (
				6D661E2D25434F6200638825 /* Sources */,
				6D661E2E25434F6200638825 /* Frameworks */,
				6D661E2F25434F6200638825 /* Resources */,
			);
			buildRules = (
			);
			dependencies = (
				6D661E3325434F6200638825 /* PBXTargetDependency */,
			);
			name = SimpleTodoTests;
			productName = SimpleTodoTests;
			productReference = 6D661E3125434F6200638825 /* SimpleTodoTests.xctest */;
			productType = "com.apple.product-type.bundle.unit-test";
		};
		6D661E3B25434F6200638825 /* SimpleTodoUITests */ = {
			isa = PBXNativeTarget;
			buildConfigurationList = 6D661E4B25434F6200638825 /* Build configuration list for PBXNativeTarget "SimpleTodoUITests" */;
			buildPhases = (
				6D661E3825434F6200638825 /* Sources */,
				6D661E3925434F6200638825 /* Frameworks */,
				6D661E3A25434F6200638825 /* Resources */,
			);
			buildRules = (
			);
			dependencies = (
				6D661E3E25434F6200638825 /* PBXTargetDependency */,
			);
			name = SimpleTodoUITests;
			productName = SimpleTodoUITests;
			productReference = 6D661E3C25434F6200638825 /* SimpleTodoUITests.xctest */;
			productType = "com.apple.product-type.bundle.ui-testing";
		};
/* End PBXNativeTarget section */

/* Begin PBXProject section */
		6D661E1825434F5F00638825 /* Project object */ = {
			isa = PBXProject;
			attributes = {
				LastSwiftUpdateCheck = 1210;
				LastUpgradeCheck = 1210;
				TargetAttributes = {
					6D661E1F25434F5F00638825 = {
						CreatedOnToolsVersion = 12.1;
					};
					6D661E3025434F6200638825 = {
						CreatedOnToolsVersion = 12.1;
						TestTargetID = 6D661E1F25434F5F00638825;
					};
					6D661E3B25434F6200638825 = {
						CreatedOnToolsVersion = 12.1;
						TestTargetID = 6D661E1F25434F5F00638825;
					};
				};
			};
			buildConfigurationList = 6D661E1B25434F5F00638825 /* Build configuration list for PBXProject "SimpleTodo" */;
			compatibilityVersion = "Xcode 9.3";
			developmentRegion = en;
			hasScannedForEncodings = 0;
			knownRegions = (
				en,
				Base,
			);
			mainGroup = 6D661E1725434F5F00638825;
			productRefGroup = 6D661E2125434F5F00638825 /* Products */;
			projectDirPath = "";
			projectRoot = "";
			targets = (
				6D661E1F25434F5F00638825 /* SimpleTodo */,
				6D661E3025434F6200638825 /* SimpleTodoTests */,
				6D661E3B25434F6200638825 /* SimpleTodoUITests */,
			);
		};
/* End PBXProject section */

/* Begin PBXResourcesBuildPhase section */
		6D661E1E25434F5F00638825 /* Resources */ = {
			isa = PBXResourcesBuildPhase;
			buildActionMask = 2147483647;
			files = (
				6D661E2B25434F6100638825 /* Preview Assets.xcassets in Resources */,
				6D661E2825434F6100638825 /* Assets.xcassets in Resources */,
			);
			runOnlyForDeploymentPostprocessing = 0;
		};
		6D661E2F25434F6200638825 /* Resources */ = {
			isa = PBXResourcesBuildPhase;
			buildActionMask = 2147483647;
			files = (
			);
			runOnlyForDeploymentPostprocessing = 0;
		};
		6D661E3A25434F6200638825 /* Resources */ = {
			isa = PBXResourcesBuildPhase;
			buildActionMask = 2147483647;
			files = (
			);
			runOnlyForDeploymentPostprocessing = 0;
		};
/* End PBXResourcesBuildPhase section */

/* Begin PBXSourcesBuildPhase section */
		6D661E1C25434F5F00638825 /* Sources */ = {
			isa = PBXSourcesBuildPhase;
			buildActionMask = 2147483647;
			files = (
				6D83E45925770AC900724F66 /* SummaryView.swift in Sources */,
				6D1C6F452548FEA4004A971A /* TodoItem.swift in Sources */,
				6DC4590425702D60005937EA /* CheckboxTextfield.swift in Sources */,
				6D1C6F522549A38C004A971A /* TodoItemsView.swift in Sources */,
				6D661E2625434F5F00638825 /* ContentView.swift in Sources */,
				6D1C6F4D2548FF04004A971A /* TodoItemListView.swift in Sources */,
				6D23842C255338E5005A85B2 /* Checkbox.swift in Sources */,
				6D661E2425434F5F00638825 /* SimpleTodoApp.swift in Sources */,
				6D2D7CB8254DA5F0005979C1 /* TodoItemRepository.swift in Sources */,
				6D1C6F572549A693004A971A /* TodoItemsViewModel.swift in Sources */,
				6D1843EF25751F3100838F78 /* TodoItemsEmptyView.swift in Sources */,
			);
			runOnlyForDeploymentPostprocessing = 0;
		};
		6D661E2D25434F6200638825 /* Sources */ = {
			isa = PBXSourcesBuildPhase;
			buildActionMask = 2147483647;
			files = (
				6D661E3625434F6200638825 /* SimpleTodoTests.swift in Sources */,
			);
			runOnlyForDeploymentPostprocessing = 0;
		};
		6D661E3825434F6200638825 /* Sources */ = {
			isa = PBXSourcesBuildPhase;
			buildActionMask = 2147483647;
			files = (
				6D661E4125434F6200638825 /* SimpleTodoUITests.swift in Sources */,
			);
			runOnlyForDeploymentPostprocessing = 0;
		};
/* End PBXSourcesBuildPhase section */

/* Begin PBXTargetDependency section */
		6D661E3325434F6200638825 /* PBXTargetDependency */ = {
			isa = PBXTargetDependency;
			target = 6D661E1F25434F5F00638825 /* SimpleTodo */;
			targetProxy = 6D661E3225434F6200638825 /* PBXContainerItemProxy */;
		};
		6D661E3E25434F6200638825 /* PBXTargetDependency */ = {
			isa = PBXTargetDependency;
			target = 6D661E1F25434F5F00638825 /* SimpleTodo */;
			targetProxy = 6D661E3D25434F6200638825 /* PBXContainerItemProxy */;
		};
/* End PBXTargetDependency section */

/* Begin XCBuildConfiguration section */
		6D661E4325434F6200638825 /* Debug */ = {
			isa = XCBuildConfiguration;
			buildSettings = {
				ALWAYS_SEARCH_USER_PATHS = NO;
				CLANG_ANALYZER_NONNULL = YES;
				CLANG_ANALYZER_NUMBER_OBJECT_CONVERSION = YES_AGGRESSIVE;
				CLANG_CXX_LANGUAGE_STANDARD = "gnu++14";
				CLANG_CXX_LIBRARY = "libc++";
				CLANG_ENABLE_MODULES = YES;
				CLANG_ENABLE_OBJC_ARC = YES;
				CLANG_ENABLE_OBJC_WEAK = YES;
				CLANG_WARN_BLOCK_CAPTURE_AUTORELEASING = YES;
				CLANG_WARN_BOOL_CONVERSION = YES;
				CLANG_WARN_COMMA = YES;
				CLANG_WARN_CONSTANT_CONVERSION = YES;
				CLANG_WARN_DEPRECATED_OBJC_IMPLEMENTATIONS = YES;
				CLANG_WARN_DIRECT_OBJC_ISA_USAGE = YES_ERROR;
				CLANG_WARN_DOCUMENTATION_COMMENTS = YES;
				CLANG_WARN_EMPTY_BODY = YES;
				CLANG_WARN_ENUM_CONVERSION = YES;
				CLANG_WARN_INFINITE_RECURSION = YES;
				CLANG_WARN_INT_CONVERSION = YES;
				CLANG_WARN_NON_LITERAL_NULL_CONVERSION = YES;
				CLANG_WARN_OBJC_IMPLICIT_RETAIN_SELF = YES;
				CLANG_WARN_OBJC_LITERAL_CONVERSION = YES;
				CLANG_WARN_OBJC_ROOT_CLASS = YES_ERROR;
				CLANG_WARN_QUOTED_INCLUDE_IN_FRAMEWORK_HEADER = YES;
				CLANG_WARN_RANGE_LOOP_ANALYSIS = YES;
				CLANG_WARN_STRICT_PROTOTYPES = YES;
				CLANG_WARN_SUSPICIOUS_MOVE = YES;
				CLANG_WARN_UNGUARDED_AVAILABILITY = YES_AGGRESSIVE;
				CLANG_WARN_UNREACHABLE_CODE = YES;
				CLANG_WARN__DUPLICATE_METHOD_MATCH = YES;
				COPY_PHASE_STRIP = NO;
				DEBUG_INFORMATION_FORMAT = dwarf;
				ENABLE_STRICT_OBJC_MSGSEND = YES;
				ENABLE_TESTABILITY = YES;
				GCC_C_LANGUAGE_STANDARD = gnu11;
				GCC_DYNAMIC_NO_PIC = NO;
				GCC_NO_COMMON_BLOCKS = YES;
				GCC_OPTIMIZATION_LEVEL = 0;
				GCC_PREPROCESSOR_DEFINITIONS = (
					"DEBUG=1",
					"$(inherited)",
				);
				GCC_WARN_64_TO_32_BIT_CONVERSION = YES;
				GCC_WARN_ABOUT_RETURN_TYPE = YES_ERROR;
				GCC_WARN_UNDECLARED_SELECTOR = YES;
				GCC_WARN_UNINITIALIZED_AUTOS = YES_AGGRESSIVE;
				GCC_WARN_UNUSED_FUNCTION = YES;
				GCC_WARN_UNUSED_VARIABLE = YES;
				IPHONEOS_DEPLOYMENT_TARGET = 14.1;
				MTL_ENABLE_DEBUG_INFO = INCLUDE_SOURCE;
				MTL_FAST_MATH = YES;
				ONLY_ACTIVE_ARCH = YES;
				SDKROOT = iphoneos;
				SWIFT_ACTIVE_COMPILATION_CONDITIONS = DEBUG;
				SWIFT_OPTIMIZATION_LEVEL = "-Onone";
			};
			name = Debug;
		};
		6D661E4425434F6200638825 /* Release */ = {
			isa = XCBuildConfiguration;
			buildSettings = {
				ALWAYS_SEARCH_USER_PATHS = NO;
				CLANG_ANALYZER_NONNULL = YES;
				CLANG_ANALYZER_NUMBER_OBJECT_CONVERSION = YES_AGGRESSIVE;
				CLANG_CXX_LANGUAGE_STANDARD = "gnu++14";
				CLANG_CXX_LIBRARY = "libc++";
				CLANG_ENABLE_MODULES = YES;
				CLANG_ENABLE_OBJC_ARC = YES;
				CLANG_ENABLE_OBJC_WEAK = YES;
				CLANG_WARN_BLOCK_CAPTURE_AUTORELEASING = YES;
				CLANG_WARN_BOOL_CONVERSION = YES;
				CLANG_WARN_COMMA = YES;
				CLANG_WARN_CONSTANT_CONVERSION = YES;
				CLANG_WARN_DEPRECATED_OBJC_IMPLEMENTATIONS = YES;
				CLANG_WARN_DIRECT_OBJC_ISA_USAGE = YES_ERROR;
				CLANG_WARN_DOCUMENTATION_COMMENTS = YES;
				CLANG_WARN_EMPTY_BODY = YES;
				CLANG_WARN_ENUM_CONVERSION = YES;
				CLANG_WARN_INFINITE_RECURSION = YES;
				CLANG_WARN_INT_CONVERSION = YES;
				CLANG_WARN_NON_LITERAL_NULL_CONVERSION = YES;
				CLANG_WARN_OBJC_IMPLICIT_RETAIN_SELF = YES;
				CLANG_WARN_OBJC_LITERAL_CONVERSION = YES;
				CLANG_WARN_OBJC_ROOT_CLASS = YES_ERROR;
				CLANG_WARN_QUOTED_INCLUDE_IN_FRAMEWORK_HEADER = YES;
				CLANG_WARN_RANGE_LOOP_ANALYSIS = YES;
				CLANG_WARN_STRICT_PROTOTYPES = YES;
				CLANG_WARN_SUSPICIOUS_MOVE = YES;
				CLANG_WARN_UNGUARDED_AVAILABILITY = YES_AGGRESSIVE;
				CLANG_WARN_UNREACHABLE_CODE = YES;
				CLANG_WARN__DUPLICATE_METHOD_MATCH = YES;
				COPY_PHASE_STRIP = NO;
				DEBUG_INFORMATION_FORMAT = "dwarf-with-dsym";
				ENABLE_NS_ASSERTIONS = NO;
				ENABLE_STRICT_OBJC_MSGSEND = YES;
				GCC_C_LANGUAGE_STANDARD = gnu11;
				GCC_NO_COMMON_BLOCKS = YES;
				GCC_WARN_64_TO_32_BIT_CONVERSION = YES;
				GCC_WARN_ABOUT_RETURN_TYPE = YES_ERROR;
				GCC_WARN_UNDECLARED_SELECTOR = YES;
				GCC_WARN_UNINITIALIZED_AUTOS = YES_AGGRESSIVE;
				GCC_WARN_UNUSED_FUNCTION = YES;
				GCC_WARN_UNUSED_VARIABLE = YES;
				IPHONEOS_DEPLOYMENT_TARGET = 14.1;
				MTL_ENABLE_DEBUG_INFO = NO;
				MTL_FAST_MATH = YES;
				SDKROOT = iphoneos;
				SWIFT_COMPILATION_MODE = wholemodule;
				SWIFT_OPTIMIZATION_LEVEL = "-O";
				VALIDATE_PRODUCT = YES;
			};
			name = Release;
		};
		6D661E4625434F6200638825 /* Debug */ = {
			isa = XCBuildConfiguration;
			buildSettings = {
				ASSETCATALOG_COMPILER_APPICON_NAME = AppIcon;
				ASSETCATALOG_COMPILER_GLOBAL_ACCENT_COLOR_NAME = AccentColor;
				CODE_SIGN_STYLE = Automatic;
				DEVELOPMENT_ASSET_PATHS = "\"SimpleTodo/Preview Content\"";
				DEVELOPMENT_TEAM = QYUK7HPF6B;
				ENABLE_PREVIEWS = YES;
				INFOPLIST_FILE = SimpleTodo/Info.plist;
				IPHONEOS_DEPLOYMENT_TARGET = 14.0;
				LD_RUNPATH_SEARCH_PATHS = (
					"$(inherited)",
					"@executable_path/Frameworks",
				);
				PRODUCT_BUNDLE_IDENTIFIER = dev.edgarkenji.SimpleTodo;
				PRODUCT_NAME = "$(TARGET_NAME)";
				SWIFT_VERSION = 5.0;
				TARGETED_DEVICE_FAMILY = "1,2";
			};
			name = Debug;
		};
		6D661E4725434F6200638825 /* Release */ = {
			isa = XCBuildConfiguration;
			buildSettings = {
				ASSETCATALOG_COMPILER_APPICON_NAME = AppIcon;
				ASSETCATALOG_COMPILER_GLOBAL_ACCENT_COLOR_NAME = AccentColor;
				CODE_SIGN_STYLE = Automatic;
				DEVELOPMENT_ASSET_PATHS = "\"SimpleTodo/Preview Content\"";
				DEVELOPMENT_TEAM = QYUK7HPF6B;
				ENABLE_PREVIEWS = YES;
				INFOPLIST_FILE = SimpleTodo/Info.plist;
				IPHONEOS_DEPLOYMENT_TARGET = 14.0;
				LD_RUNPATH_SEARCH_PATHS = (
					"$(inherited)",
					"@executable_path/Frameworks",
				);
				PRODUCT_BUNDLE_IDENTIFIER = dev.edgarkenji.SimpleTodo;
				PRODUCT_NAME = "$(TARGET_NAME)";
				SWIFT_VERSION = 5.0;
				TARGETED_DEVICE_FAMILY = "1,2";
			};
			name = Release;
		};
		6D661E4925434F6200638825 /* Debug */ = {
			isa = XCBuildConfiguration;
			buildSettings = {
				ALWAYS_EMBED_SWIFT_STANDARD_LIBRARIES = YES;
				BUNDLE_LOADER = "$(TEST_HOST)";
				CODE_SIGN_STYLE = Automatic;
				DEVELOPMENT_TEAM = QYUK7HPF6B;
				INFOPLIST_FILE = SimpleTodoTests/Info.plist;
				IPHONEOS_DEPLOYMENT_TARGET = 14.0;
				LD_RUNPATH_SEARCH_PATHS = (
					"$(inherited)",
					"@executable_path/Frameworks",
					"@loader_path/Frameworks",
				);
				PRODUCT_BUNDLE_IDENTIFIER = dev.edgarkenji.SimpleTodoTests;
				PRODUCT_NAME = "$(TARGET_NAME)";
				SWIFT_VERSION = 5.0;
				TARGETED_DEVICE_FAMILY = "1,2";
				TEST_HOST = "$(BUILT_PRODUCTS_DIR)/SimpleTodo.app/SimpleTodo";
			};
			name = Debug;
		};
		6D661E4A25434F6200638825 /* Release */ = {
			isa = XCBuildConfiguration;
			buildSettings = {
				ALWAYS_EMBED_SWIFT_STANDARD_LIBRARIES = YES;
				BUNDLE_LOADER = "$(TEST_HOST)";
				CODE_SIGN_STYLE = Automatic;
				DEVELOPMENT_TEAM = QYUK7HPF6B;
				INFOPLIST_FILE = SimpleTodoTests/Info.plist;
				IPHONEOS_DEPLOYMENT_TARGET = 14.0;
				LD_RUNPATH_SEARCH_PATHS = (
					"$(inherited)",
					"@executable_path/Frameworks",
					"@loader_path/Frameworks",
				);
				PRODUCT_BUNDLE_IDENTIFIER = dev.edgarkenji.SimpleTodoTests;
				PRODUCT_NAME = "$(TARGET_NAME)";
				SWIFT_VERSION = 5.0;
				TARGETED_DEVICE_FAMILY = "1,2";
				TEST_HOST = "$(BUILT_PRODUCTS_DIR)/SimpleTodo.app/SimpleTodo";
			};
			name = Release;
		};
		6D661E4C25434F6200638825 /* Debug */ = {
			isa = XCBuildConfiguration;
			buildSettings = {
				ALWAYS_EMBED_SWIFT_STANDARD_LIBRARIES = YES;
				CODE_SIGN_STYLE = Automatic;
				DEVELOPMENT_TEAM = QYUK7HPF6B;
				INFOPLIST_FILE = SimpleTodoUITests/Info.plist;
				LD_RUNPATH_SEARCH_PATHS = (
					"$(inherited)",
					"@executable_path/Frameworks",
					"@loader_path/Frameworks",
				);
				PRODUCT_BUNDLE_IDENTIFIER = dev.edgarkenji.SimpleTodoUITests;
				PRODUCT_NAME = "$(TARGET_NAME)";
				SWIFT_VERSION = 5.0;
				TARGETED_DEVICE_FAMILY = "1,2";
				TEST_TARGET_NAME = SimpleTodo;
			};
			name = Debug;
		};
		6D661E4D25434F6200638825 /* Release */ = {
			isa = XCBuildConfiguration;
			buildSettings = {
				ALWAYS_EMBED_SWIFT_STANDARD_LIBRARIES = YES;
				CODE_SIGN_STYLE = Automatic;
				DEVELOPMENT_TEAM = QYUK7HPF6B;
				INFOPLIST_FILE = SimpleTodoUITests/Info.plist;
				LD_RUNPATH_SEARCH_PATHS = (
					"$(inherited)",
					"@executable_path/Frameworks",
					"@loader_path/Frameworks",
				);
				PRODUCT_BUNDLE_IDENTIFIER = dev.edgarkenji.SimpleTodoUITests;
				PRODUCT_NAME = "$(TARGET_NAME)";
				SWIFT_VERSION = 5.0;
				TARGETED_DEVICE_FAMILY = "1,2";
				TEST_TARGET_NAME = SimpleTodo;
			};
			name = Release;
		};
/* End XCBuildConfiguration section */

/* Begin XCConfigurationList section */
		6D661E1B25434F5F00638825 /* Build configuration list for PBXProject "SimpleTodo" */ = {
			isa = XCConfigurationList;
			buildConfigurations = (
				6D661E4325434F6200638825 /* Debug */,
				6D661E4425434F6200638825 /* Release */,
			);
			defaultConfigurationIsVisible = 0;
			defaultConfigurationName = Release;
		};
		6D661E4525434F6200638825 /* Build configuration list for PBXNativeTarget "SimpleTodo" */ = {
			isa = XCConfigurationList;
			buildConfigurations = (
				6D661E4625434F6200638825 /* Debug */,
				6D661E4725434F6200638825 /* Release */,
			);
			defaultConfigurationIsVisible = 0;
			defaultConfigurationName = Release;
		};
		6D661E4825434F6200638825 /* Build configuration list for PBXNativeTarget "SimpleTodoTests" */ = {
			isa = XCConfigurationList;
			buildConfigurations = (
				6D661E4925434F6200638825 /* Debug */,
				6D661E4A25434F6200638825 /* Release */,
			);
			defaultConfigurationIsVisible = 0;
			defaultConfigurationName = Release;
		};
		6D661E4B25434F6200638825 /* Build configuration list for PBXNativeTarget "SimpleTodoUITests" */ = {
			isa = XCConfigurationList;
			buildConfigurations = (
				6D661E4C25434F6200638825 /* Debug */,
				6D661E4D25434F6200638825 /* Release */,
			);
			defaultConfigurationIsVisible = 0;
			defaultConfigurationName = Release;
		};
/* End XCConfigurationList section */
	};
	rootObject = 6D661E1825434F5F00638825 /* Project object */;
}
